
Microsoft Visual Studio Solution File, Format Version 12.00
# Visual Studio 14
VisualStudioVersion = 14.0.25420.1
MinimumVisualStudioVersion = 10.0.40219.1
Project("{FAE04EC0-301F-11D3-BF4B-00C04F79EFBC}") = "MinsuLee_PROG2200_Assignment2", "MinsuLee_PROG2200_Assignment2\MinsuLee_PROG2200_Assignment2.csproj", "{E834AA5B-0DA4-48FB-A343-0F242305E52F}"
EndProject
Project("{FAE04EC0-301F-11D3-BF4B-00C04F79EFBC}") = "ChatLib", "ChatLib\ChatLib.csproj", "{8B6C3BC8-413E-45E1-9103-C7C3667764DA}"
EndProject
Project("{FAE04EC0-301F-11D3-BF4B-00C04F79EFBC}") = "LoggerLib", "LoggerLib\LoggerLib.csproj", "{CC6D4C2D-AC68-467B-B4BE-033A81061168}"
EndProject
Global
	GlobalSection(SolutionConfigurationPlatforms) = preSolution
		Debug|Any CPU = Debug|Any CPU
		Release|Any CPU = Release|Any CPU
	EndGlobalSection
	GlobalSection(ProjectConfigurationPlatforms) = postSolution
		{E834AA5B-0DA4-48FB-A343-0F242305E52F}.Debug|Any CPU.ActiveCfg = Debug|Any CPU
		{E834AA5B-0DA4-48FB-A343-0F242305E52F}.Debug|Any CPU.Build.0 = Debug|Any CPU
		{E834AA5B-0DA4-48FB-A343-0F242305E52F}.Release|Any CPU.ActiveCfg = Release|Any CPU
		{E834AA5B-0DA4-48FB-A343-0F242305E52F}.Release|Any CPU.Build.0 = Release|Any CPU
		{8B6C3BC8-413E-45E1-9103-C7C3667764DA}.Debug|Any CPU.ActiveCfg = Debug|Any CPU
		{8B6C3BC8-413E-45E1-9103-C7C3667764DA}.Debug|Any CPU.Build.0 = Debug|Any CPU
		{8B6C3BC8-413E-45E1-9103-C7C3667764DA}.Release|Any CPU.ActiveCfg = Release|Any CPU
		{8B6C3BC8-413E-45E1-9103-C7C3667764DA}.Release|Any CPU.Build.0 = Release|Any CPU
		{CC6D4C2D-AC68-467B-B4BE-033A81061168}.Debug|Any CPU.ActiveCfg = Debug|Any CPU
		{CC6D4C2D-AC68-467B-B4BE-033A81061168}.Debug|Any CPU.Build.0 = Debug|Any CPU
		{CC6D4C2D-AC68-467B-B4BE-033A81061168}.Release|Any CPU.ActiveCfg = Release|Any CPU
		{CC6D4C2D-AC68-467B-B4BE-033A81061168}.Release|Any CPU.Build.0 = Release|Any CPU
	EndGlobalSection
	GlobalSection(SolutionProperties) = preSolution
		HideSolutionNode = FALSE
	EndGlobalSection
EndGlobal
